// !$*UTF8*$!
{
	archiveVersion = 1;
	classes = {
	};
	objectVersion = 50;
	objects = {

/* Begin PBXBuildFile section */
		F213C6F1263CCA04003156CE /* Puzzle_CrushApp.swift in Sources */ = {isa = PBXBuildFile; fileRef = F213C6F0263CCA04003156CE /* Puzzle_CrushApp.swift */; };
		F213C6F3263CCA04003156CE /* ContentView.swift in Sources */ = {isa = PBXBuildFile; fileRef = F213C6F2263CCA04003156CE /* ContentView.swift */; };
		F213C6F5263CCA06003156CE /* Assets.xcassets in Resources */ = {isa = PBXBuildFile; fileRef = F213C6F4263CCA06003156CE /* Assets.xcassets */; };
		F213C6F8263CCA06003156CE /* Preview Assets.xcassets in Resources */ = {isa = PBXBuildFile; fileRef = F213C6F7263CCA06003156CE /* Preview Assets.xcassets */; };
		F213C70B263D36E8003156CE /* HomeView.swift in Sources */ = {isa = PBXBuildFile; fileRef = F213C70A263D36E8003156CE /* HomeView.swift */; };
		F213C70F263D387A003156CE /* PlayerSelectionView.swift in Sources */ = {isa = PBXBuildFile; fileRef = F213C70E263D387A003156CE /* PlayerSelectionView.swift */; };
		F213C712263D4AF1003156CE /* ElseView.swift in Sources */ = {isa = PBXBuildFile; fileRef = F213C711263D4AF1003156CE /* ElseView.swift */; };
		F240660B263DF5AB007867A6 /* PracticeView.swift in Sources */ = {isa = PBXBuildFile; fileRef = F240660A263DF5AB007867A6 /* PracticeView.swift */; };
		F2406610263DF5D8007867A6 /* LeaderbordView.swift in Sources */ = {isa = PBXBuildFile; fileRef = F240660F263DF5D8007867A6 /* LeaderbordView.swift */; };
		F2406615263DF5F0007867A6 /* CosmeticsView.swift in Sources */ = {isa = PBXBuildFile; fileRef = F2406614263DF5F0007867A6 /* CosmeticsView.swift */; };
/* End PBXBuildFile section */

/* Begin PBXFileReference section */
		F213C6ED263CCA04003156CE /* Puzzle Crush.app */ = {isa = PBXFileReference; explicitFileType = wrapper.application; includeInIndex = 0; path = "Puzzle Crush.app"; sourceTree = BUILT_PRODUCTS_DIR; };
		F213C6F0263CCA04003156CE /* Puzzle_CrushApp.swift */ = {isa = PBXFileReference; lastKnownFileType = sourcecode.swift; path = Puzzle_CrushApp.swift; sourceTree = "<group>"; };
		F213C6F2263CCA04003156CE /* ContentView.swift */ = {isa = PBXFileReference; lastKnownFileType = sourcecode.swift; path = ContentView.swift; sourceTree = "<group>"; };
		F213C6F4263CCA06003156CE /* Assets.xcassets */ = {isa = PBXFileReference; lastKnownFileType = folder.assetcatalog; path = Assets.xcassets; sourceTree = "<group>"; };
		F213C6F7263CCA06003156CE /* Preview Assets.xcassets */ = {isa = PBXFileReference; lastKnownFileType = folder.assetcatalog; path = "Preview Assets.xcassets"; sourceTree = "<group>"; };
		F213C6F9263CCA06003156CE /* Info.plist */ = {isa = PBXFileReference; lastKnownFileType = text.plist.xml; path = Info.plist; sourceTree = "<group>"; };
		F213C70A263D36E8003156CE /* HomeView.swift */ = {isa = PBXFileReference; lastKnownFileType = sourcecode.swift; path = HomeView.swift; sourceTree = "<group>"; };
		F213C70E263D387A003156CE /* PlayerSelectionView.swift */ = {isa = PBXFileReference; lastKnownFileType = sourcecode.swift; path = PlayerSelectionView.swift; sourceTree = "<group>"; };
		F213C711263D4AF1003156CE /* ElseView.swift */ = {isa = PBXFileReference; lastKnownFileType = sourcecode.swift; path = ElseView.swift; sourceTree = "<group>"; };
		F240660A263DF5AB007867A6 /* PracticeView.swift */ = {isa = PBXFileReference; lastKnownFileType = sourcecode.swift; path = PracticeView.swift; sourceTree = "<group>"; };
		F240660F263DF5D8007867A6 /* LeaderbordView.swift */ = {isa = PBXFileReference; lastKnownFileType = sourcecode.swift; path = LeaderbordView.swift; sourceTree = "<group>"; };
		F2406614263DF5F0007867A6 /* CosmeticsView.swift */ = {isa = PBXFileReference; lastKnownFileType = sourcecode.swift; path = CosmeticsView.swift; sourceTree = "<group>"; };
/* End PBXFileReference section */

/* Begin PBXFrameworksBuildPhase section */
		F213C6EA263CCA04003156CE /* Frameworks */ = {
			isa = PBXFrameworksBuildPhase;
			buildActionMask = 2147483647;
			files = (
			);
			runOnlyForDeploymentPostprocessing = 0;
		};
/* End PBXFrameworksBuildPhase section */

/* Begin PBXGroup section */
		F213C6E4263CCA04003156CE = {
			isa = PBXGroup;
			children = (
				F213C6EF263CCA04003156CE /* Puzzle Crush */,
				F213C6EE263CCA04003156CE /* Products */,
			);
			sourceTree = "<group>";
		};
		F213C6EE263CCA04003156CE /* Products */ = {
			isa = PBXGroup;
			children = (
				F213C6ED263CCA04003156CE /* Puzzle Crush.app */,
			);
			name = Products;
			sourceTree = "<group>";
		};
		F213C6EF263CCA04003156CE /* Puzzle Crush */ = {
			isa = PBXGroup;
			children = (
				F213C6F0263CCA04003156CE /* Puzzle_CrushApp.swift */,
				F213C6F2263CCA04003156CE /* ContentView.swift */,
				F213C700263D2AC7003156CE /* Views */,
				F213C6F4263CCA06003156CE /* Assets.xcassets */,
				F213C6F9263CCA06003156CE /* Info.plist */,
				F213C6F6263CCA06003156CE /* Preview Content */,
			);
			path = "Puzzle Crush";
			sourceTree = "<group>";
		};
		F213C6F6263CCA06003156CE /* Preview Content */ = {
			isa = PBXGroup;
			children = (
				F213C6F7263CCA06003156CE /* Preview Assets.xcassets */,
			);
			path = "Preview Content";
			sourceTree = "<group>";
		};
		F213C700263D2AC7003156CE /* Views */ = {
			isa = PBXGroup;
			children = (
				F213C70A263D36E8003156CE /* HomeView.swift */,
				F213C70E263D387A003156CE /* PlayerSelectionView.swift */,
				F240660A263DF5AB007867A6 /* PracticeView.swift */,
				F240660F263DF5D8007867A6 /* LeaderbordView.swift */,
				F2406614263DF5F0007867A6 /* CosmeticsView.swift */,
				F213C711263D4AF1003156CE /* ElseView.swift */,
			);
			path = Views;
			sourceTree = "<group>";
		};
/* End PBXGroup section */

/* Begin PBXNativeTarget section */
		F213C6EC263CCA04003156CE /* Puzzle Crush */ = {
			isa = PBXNativeTarget;
			buildConfigurationList = F213C6FC263CCA06003156CE /* Build configuration list for PBXNativeTarget "Puzzle Crush" */;
			buildPhases = (
				F213C6E9263CCA04003156CE /* Sources */,
				F213C6EA263CCA04003156CE /* Frameworks */,
				F213C6EB263CCA04003156CE /* Resources */,
			);
			buildRules = (
			);
			dependencies = (
			);
			name = "Puzzle Crush";
			productName = "Puzzle Crush";
			productReference = F213C6ED263CCA04003156CE /* Puzzle Crush.app */;
			productType = "com.apple.product-type.application";
		};
/* End PBXNativeTarget section */

/* Begin PBXProject section */
		F213C6E5263CCA04003156CE /* Project object */ = {
			isa = PBXProject;
			attributes = {
				LastSwiftUpdateCheck = 1240;
				LastUpgradeCheck = 1240;
				TargetAttributes = {
					F213C6EC263CCA04003156CE = {
						CreatedOnToolsVersion = 12.4;
					};
				};
			};
			buildConfigurationList = F213C6E8263CCA04003156CE /* Build configuration list for PBXProject "Puzzle Crush" */;
			compatibilityVersion = "Xcode 9.3";
			developmentRegion = en;
			hasScannedForEncodings = 0;
			knownRegions = (
				en,
				Base,
			);
			mainGroup = F213C6E4263CCA04003156CE;
			productRefGroup = F213C6EE263CCA04003156CE /* Products */;
			projectDirPath = "";
			projectRoot = "";
			targets = (
				F213C6EC263CCA04003156CE /* Puzzle Crush */,
			);
		};
/* End PBXProject section */

/* Begin PBXResourcesBuildPhase section */
		F213C6EB263CCA04003156CE /* Resources */ = {
			isa = PBXResourcesBuildPhase;
			buildActionMask = 2147483647;
			files = (
				F213C6F8263CCA06003156CE /* Preview Assets.xcassets in Resources */,
				F213C6F5263CCA06003156CE /* Assets.xcassets in Resources */,
			);
			runOnlyForDeploymentPostprocessing = 0;
		};
/* End PBXResourcesBuildPhase section */

/* Begin PBXSourcesBuildPhase section */
		F213C6E9263CCA04003156CE /* Sources */ = {
			isa = PBXSourcesBuildPhase;
			buildActionMask = 2147483647;
			files = (
				F213C6F3263CCA04003156CE /* ContentView.swift in Sources */,
				F240660B263DF5AB007867A6 /* PracticeView.swift in Sources */,
				F213C712263D4AF1003156CE /* ElseView.swift in Sources */,
				F2406615263DF5F0007867A6 /* CosmeticsView.swift in Sources */,
				F213C70B263D36E8003156CE /* HomeView.swift in Sources */,
				F213C70F263D387A003156CE /* PlayerSelectionView.swift in Sources */,
				F2406610263DF5D8007867A6 /* LeaderbordView.swift in Sources */,
				F213C6F1263CCA04003156CE /* Puzzle_CrushApp.swift in Sources */,
			);
			runOnlyForDeploymentPostprocessing = 0;
		};
/* End PBXSourcesBuildPhase section */

/* Begin XCBuildConfiguration section */
		F213C6FA263CCA06003156CE /* Debug */ = {
			isa = XCBuildConfiguration;
			buildSettings = {
				ALWAYS_SEARCH_USER_PATHS = NO;
				CLANG_ANALYZER_NONNULL = YES;
				CLANG_ANALYZER_NUMBER_OBJECT_CONVERSION = YES_AGGRESSIVE;
				CLANG_CXX_LANGUAGE_STANDARD = "gnu++14";
				CLANG_CXX_LIBRARY = "libc++";
				CLANG_ENABLE_MODULES = YES;
				CLANG_ENABLE_OBJC_ARC = YES;
				CLANG_ENABLE_OBJC_WEAK = YES;
				CLANG_WARN_BLOCK_CAPTURE_AUTORELEASING = YES;
				CLANG_WARN_BOOL_CONVERSION = YES;
				CLANG_WARN_COMMA = YES;
				CLANG_WARN_CONSTANT_CONVERSION = YES;
				CLANG_WARN_DEPRECATED_OBJC_IMPLEMENTATIONS = YES;
				CLANG_WARN_DIRECT_OBJC_ISA_USAGE = YES_ERROR;
				CLANG_WARN_DOCUMENTATION_COMMENTS = YES;
				CLANG_WARN_EMPTY_BODY = YES;
				CLANG_WARN_ENUM_CONVERSION = YES;
				CLANG_WARN_INFINITE_RECURSION = YES;
				CLANG_WARN_INT_CONVERSION = YES;
				CLANG_WARN_NON_LITERAL_NULL_CONVERSION = YES;
				CLANG_WARN_OBJC_IMPLICIT_RETAIN_SELF = YES;
				CLANG_WARN_OBJC_LITERAL_CONVERSION = YES;
				CLANG_WARN_OBJC_ROOT_CLASS = YES_ERROR;
				CLANG_WARN_QUOTED_INCLUDE_IN_FRAMEWORK_HEADER = YES;
				CLANG_WARN_RANGE_LOOP_ANALYSIS = YES;
				CLANG_WARN_STRICT_PROTOTYPES = YES;
				CLANG_WARN_SUSPICIOUS_MOVE = YES;
				CLANG_WARN_UNGUARDED_AVAILABILITY = YES_AGGRESSIVE;
				CLANG_WARN_UNREACHABLE_CODE = YES;
				CLANG_WARN__DUPLICATE_METHOD_MATCH = YES;
				COPY_PHASE_STRIP = NO;
				DEBUG_INFORMATION_FORMAT = dwarf;
				ENABLE_STRICT_OBJC_MSGSEND = YES;
				ENABLE_TESTABILITY = YES;
				GCC_C_LANGUAGE_STANDARD = gnu11;
				GCC_DYNAMIC_NO_PIC = NO;
				GCC_NO_COMMON_BLOCKS = YES;
				GCC_OPTIMIZATION_LEVEL = 0;
				GCC_PREPROCESSOR_DEFINITIONS = (
					"DEBUG=1",
					"$(inherited)",
				);
				GCC_WARN_64_TO_32_BIT_CONVERSION = YES;
				GCC_WARN_ABOUT_RETURN_TYPE = YES_ERROR;
				GCC_WARN_UNDECLARED_SELECTOR = YES;
				GCC_WARN_UNINITIALIZED_AUTOS = YES_AGGRESSIVE;
				GCC_WARN_UNUSED_FUNCTION = YES;
				GCC_WARN_UNUSED_VARIABLE = YES;
				IPHONEOS_DEPLOYMENT_TARGET = 14.4;
				MTL_ENABLE_DEBUG_INFO = INCLUDE_SOURCE;
				MTL_FAST_MATH = YES;
				ONLY_ACTIVE_ARCH = YES;
				SDKROOT = iphoneos;
				SWIFT_ACTIVE_COMPILATION_CONDITIONS = DEBUG;
				SWIFT_OPTIMIZATION_LEVEL = "-Onone";
			};
			name = Debug;
		};
		F213C6FB263CCA06003156CE /* Release */ = {
			isa = XCBuildConfiguration;
			buildSettings = {
				ALWAYS_SEARCH_USER_PATHS = NO;
				CLANG_ANALYZER_NONNULL = YES;
				CLANG_ANALYZER_NUMBER_OBJECT_CONVERSION = YES_AGGRESSIVE;
				CLANG_CXX_LANGUAGE_STANDARD = "gnu++14";
				CLANG_CXX_LIBRARY = "libc++";
				CLANG_ENABLE_MODULES = YES;
				CLANG_ENABLE_OBJC_ARC = YES;
				CLANG_ENABLE_OBJC_WEAK = YES;
				CLANG_WARN_BLOCK_CAPTURE_AUTORELEASING = YES;
				CLANG_WARN_BOOL_CONVERSION = YES;
				CLANG_WARN_COMMA = YES;
				CLANG_WARN_CONSTANT_CONVERSION = YES;
				CLANG_WARN_DEPRECATED_OBJC_IMPLEMENTATIONS = YES;
				CLANG_WARN_DIRECT_OBJC_ISA_USAGE = YES_ERROR;
				CLANG_WARN_DOCUMENTATION_COMMENTS = YES;
				CLANG_WARN_EMPTY_BODY = YES;
				CLANG_WARN_ENUM_CONVERSION = YES;
				CLANG_WARN_INFINITE_RECURSION = YES;
				CLANG_WARN_INT_CONVERSION = YES;
				CLANG_WARN_NON_LITERAL_NULL_CONVERSION = YES;
				CLANG_WARN_OBJC_IMPLICIT_RETAIN_SELF = YES;
				CLANG_WARN_OBJC_LITERAL_CONVERSION = YES;
				CLANG_WARN_OBJC_ROOT_CLASS = YES_ERROR;
				CLANG_WARN_QUOTED_INCLUDE_IN_FRAMEWORK_HEADER = YES;
				CLANG_WARN_RANGE_LOOP_ANALYSIS = YES;
				CLANG_WARN_STRICT_PROTOTYPES = YES;
				CLANG_WARN_SUSPICIOUS_MOVE = YES;
				CLANG_WARN_UNGUARDED_AVAILABILITY = YES_AGGRESSIVE;
				CLANG_WARN_UNREACHABLE_CODE = YES;
				CLANG_WARN__DUPLICATE_METHOD_MATCH = YES;
				COPY_PHASE_STRIP = NO;
				DEBUG_INFORMATION_FORMAT = "dwarf-with-dsym";
				ENABLE_NS_ASSERTIONS = NO;
				ENABLE_STRICT_OBJC_MSGSEND = YES;
				GCC_C_LANGUAGE_STANDARD = gnu11;
				GCC_NO_COMMON_BLOCKS = YES;
				GCC_WARN_64_TO_32_BIT_CONVERSION = YES;
				GCC_WARN_ABOUT_RETURN_TYPE = YES_ERROR;
				GCC_WARN_UNDECLARED_SELECTOR = YES;
				GCC_WARN_UNINITIALIZED_AUTOS = YES_AGGRESSIVE;
				GCC_WARN_UNUSED_FUNCTION = YES;
				GCC_WARN_UNUSED_VARIABLE = YES;
				IPHONEOS_DEPLOYMENT_TARGET = 14.4;
				MTL_ENABLE_DEBUG_INFO = NO;
				MTL_FAST_MATH = YES;
				SDKROOT = iphoneos;
				SWIFT_COMPILATION_MODE = wholemodule;
				SWIFT_OPTIMIZATION_LEVEL = "-O";
				VALIDATE_PRODUCT = YES;
			};
			name = Release;
		};
		F213C6FD263CCA06003156CE /* Debug */ = {
			isa = XCBuildConfiguration;
			buildSettings = {
				ASSETCATALOG_COMPILER_APPICON_NAME = AppIcon;
				ASSETCATALOG_COMPILER_GLOBAL_ACCENT_COLOR_NAME = AccentColor;
				CODE_SIGN_STYLE = Automatic;
				DEVELOPMENT_ASSET_PATHS = "\"Puzzle Crush/Preview Content\"";
				DEVELOPMENT_TEAM = T6283VNWST;
				ENABLE_PREVIEWS = YES;
				INFOPLIST_FILE = "Puzzle Crush/Info.plist";
				IPHONEOS_DEPLOYMENT_TARGET = 14.0;
				LD_RUNPATH_SEARCH_PATHS = (
					"$(inherited)",
					"@executable_path/Frameworks",
				);
				PRODUCT_BUNDLE_IDENTIFIER = "com.farmercal.Puzzle-Crush";
				PRODUCT_NAME = "$(TARGET_NAME)";
				SWIFT_VERSION = 5.0;
				TARGETED_DEVICE_FAMILY = "1,2";
			};
			name = Debug;
		};
		F213C6FE263CCA06003156CE /* Release */ = {
			isa = XCBuildConfiguration;
			buildSettings = {
				ASSETCATALOG_COMPILER_APPICON_NAME = AppIcon;
				ASSETCATALOG_COMPILER_GLOBAL_ACCENT_COLOR_NAME = AccentColor;
				CODE_SIGN_STYLE = Automatic;
				DEVELOPMENT_ASSET_PATHS = "\"Puzzle Crush/Preview Content\"";
				DEVELOPMENT_TEAM = T6283VNWST;
				ENABLE_PREVIEWS = YES;
				INFOPLIST_FILE = "Puzzle Crush/Info.plist";
				IPHONEOS_DEPLOYMENT_TARGET = 14.0;
				LD_RUNPATH_SEARCH_PATHS = (
					"$(inherited)",
					"@executable_path/Frameworks",
				);
				PRODUCT_BUNDLE_IDENTIFIER = "com.farmercal.Puzzle-Crush";
				PRODUCT_NAME = "$(TARGET_NAME)";
				SWIFT_VERSION = 5.0;
				TARGETED_DEVICE_FAMILY = "1,2";
			};
			name = Release;
		};
/* End XCBuildConfiguration section */

/* Begin XCConfigurationList section */
		F213C6E8263CCA04003156CE /* Build configuration list for PBXProject "Puzzle Crush" */ = {
			isa = XCConfigurationList;
			buildConfigurations = (
				F213C6FA263CCA06003156CE /* Debug */,
				F213C6FB263CCA06003156CE /* Release */,
			);
			defaultConfigurationIsVisible = 0;
			defaultConfigurationName = Release;
		};
		F213C6FC263CCA06003156CE /* Build configuration list for PBXNativeTarget "Puzzle Crush" */ = {
			isa = XCConfigurationList;
			buildConfigurations = (
				F213C6FD263CCA06003156CE /* Debug */,
				F213C6FE263CCA06003156CE /* Release */,
			);
			defaultConfigurationIsVisible = 0;
			defaultConfigurationName = Release;
		};
/* End XCConfigurationList section */
	};
	rootObject = F213C6E5263CCA04003156CE /* Project object */;
}
